// !$*UTF8*$!
{
	archiveVersion = 1;
	classes = {
	};
	objectVersion = 56;
	objects = {

/* Begin PBXBuildFile section */
		09CF38B229170B45004D2C02 /* AppDelegate.swift in Sources */ = {isa = PBXBuildFile; fileRef = 09CF38B129170B45004D2C02 /* AppDelegate.swift */; };
		09CF38B429170B45004D2C02 /* SceneDelegate.swift in Sources */ = {isa = PBXBuildFile; fileRef = 09CF38B329170B45004D2C02 /* SceneDelegate.swift */; };
		09CF38B629170B45004D2C02 /* ViewController.swift in Sources */ = {isa = PBXBuildFile; fileRef = 09CF38B529170B45004D2C02 /* ViewController.swift */; };
		09CF38B929170B45004D2C02 /* Main.storyboard in Resources */ = {isa = PBXBuildFile; fileRef = 09CF38B729170B45004D2C02 /* Main.storyboard */; };
		09CF38BB29170B48004D2C02 /* Assets.xcassets in Resources */ = {isa = PBXBuildFile; fileRef = 09CF38BA29170B48004D2C02 /* Assets.xcassets */; };
		09CF38BE29170B48004D2C02 /* LaunchScreen.storyboard in Resources */ = {isa = PBXBuildFile; fileRef = 09CF38BC29170B48004D2C02 /* LaunchScreen.storyboard */; };
		09CF38C829171230004D2C02 /* UICollectionView.swift in Sources */ = {isa = PBXBuildFile; fileRef = 09CF38C729171230004D2C02 /* UICollectionView.swift */; };
		09CF38CB29172389004D2C02 /* Menu.swift in Sources */ = {isa = PBXBuildFile; fileRef = 09CF38CA29172389004D2C02 /* Menu.swift */; };
/* End PBXBuildFile section */

/* Begin PBXFileReference section */
		09CF38AE29170B45004D2C02 /* ViewCollection.app */ = {isa = PBXFileReference; explicitFileType = wrapper.application; includeInIndex = 0; path = ViewCollection.app; sourceTree = BUILT_PRODUCTS_DIR; };
		09CF38B129170B45004D2C02 /* AppDelegate.swift */ = {isa = PBXFileReference; lastKnownFileType = sourcecode.swift; path = AppDelegate.swift; sourceTree = "<group>"; };
		09CF38B329170B45004D2C02 /* SceneDelegate.swift */ = {isa = PBXFileReference; lastKnownFileType = sourcecode.swift; path = SceneDelegate.swift; sourceTree = "<group>"; };
		09CF38B529170B45004D2C02 /* ViewController.swift */ = {isa = PBXFileReference; lastKnownFileType = sourcecode.swift; path = ViewController.swift; sourceTree = "<group>"; };
		09CF38B829170B45004D2C02 /* Base */ = {isa = PBXFileReference; lastKnownFileType = file.storyboard; name = Base; path = Base.lproj/Main.storyboard; sourceTree = "<group>"; };
		09CF38BA29170B48004D2C02 /* Assets.xcassets */ = {isa = PBXFileReference; lastKnownFileType = folder.assetcatalog; path = Assets.xcassets; sourceTree = "<group>"; };
		09CF38BD29170B48004D2C02 /* Base */ = {isa = PBXFileReference; lastKnownFileType = file.storyboard; name = Base; path = Base.lproj/LaunchScreen.storyboard; sourceTree = "<group>"; };
		09CF38BF29170B48004D2C02 /* Info.plist */ = {isa = PBXFileReference; lastKnownFileType = text.plist.xml; path = Info.plist; sourceTree = "<group>"; };
		09CF38C729171230004D2C02 /* UICollectionView.swift */ = {isa = PBXFileReference; lastKnownFileType = sourcecode.swift; path = UICollectionView.swift; sourceTree = "<group>"; };
		09CF38CA29172389004D2C02 /* Menu.swift */ = {isa = PBXFileReference; lastKnownFileType = sourcecode.swift; path = Menu.swift; sourceTree = "<group>"; };
/* End PBXFileReference section */

/* Begin PBXFrameworksBuildPhase section */
		09CF38AB29170B45004D2C02 /* Frameworks */ = {
			isa = PBXFrameworksBuildPhase;
			buildActionMask = 2147483647;
			files = (
			);
			runOnlyForDeploymentPostprocessing = 0;
		};
/* End PBXFrameworksBuildPhase section */

/* Begin PBXGroup section */
		09CF38A529170B45004D2C02 = {
			isa = PBXGroup;
			children = (
				09CF38B029170B45004D2C02 /* ViewCollection */,
				09CF38AF29170B45004D2C02 /* Products */,
			);
			sourceTree = "<group>";
		};
		09CF38AF29170B45004D2C02 /* Products */ = {
			isa = PBXGroup;
			children = (
				09CF38AE29170B45004D2C02 /* ViewCollection.app */,
			);
			name = Products;
			sourceTree = "<group>";
		};
		09CF38B029170B45004D2C02 /* ViewCollection */ = {
			isa = PBXGroup;
			children = (
				09CF38B129170B45004D2C02 /* AppDelegate.swift */,
				09CF38B329170B45004D2C02 /* SceneDelegate.swift */,
				09CF38C929171233004D2C02 /* View */,
				09CF38C6291711D1004D2C02 /* Controller */,
				09CF38B729170B45004D2C02 /* Main.storyboard */,
				09CF38BA29170B48004D2C02 /* Assets.xcassets */,
				09CF38BC29170B48004D2C02 /* LaunchScreen.storyboard */,
				09CF38BF29170B48004D2C02 /* Info.plist */,
			);
			path = ViewCollection;
			sourceTree = "<group>";
		};
		09CF38C6291711D1004D2C02 /* Controller */ = {
			isa = PBXGroup;
			children = (
				09CF38B529170B45004D2C02 /* ViewController.swift */,
				09CF38CC2917238D004D2C02 /* Model */,
			);
			path = Controller;
			sourceTree = "<group>";
		};
		09CF38C929171233004D2C02 /* View */ = {
			isa = PBXGroup;
			children = (
				09CF38C729171230004D2C02 /* UICollectionView.swift */,
			);
			path = View;
			sourceTree = "<group>";
		};
		09CF38CC2917238D004D2C02 /* Model */ = {
			isa = PBXGroup;
			children = (
				09CF38CA29172389004D2C02 /* Menu.swift */,
			);
			path = Model;
			sourceTree = "<group>";
		};
/* End PBXGroup section */

/* Begin PBXNativeTarget section */
		09CF38AD29170B45004D2C02 /* ViewCollection */ = {
			isa = PBXNativeTarget;
			buildConfigurationList = 09CF38C229170B48004D2C02 /* Build configuration list for PBXNativeTarget "ViewCollection" */;
			buildPhases = (
				09CF38AA29170B45004D2C02 /* Sources */,
				09CF38AB29170B45004D2C02 /* Frameworks */,
				09CF38AC29170B45004D2C02 /* Resources */,
			);
			buildRules = (
			);
			dependencies = (
			);
			name = ViewCollection;
			productName = ViewCollection;
			productReference = 09CF38AE29170B45004D2C02 /* ViewCollection.app */;
			productType = "com.apple.product-type.application";
		};
/* End PBXNativeTarget section */

/* Begin PBXProject section */
		09CF38A629170B45004D2C02 /* Project object */ = {
			isa = PBXProject;
			attributes = {
				BuildIndependentTargetsInParallel = 1;
				LastSwiftUpdateCheck = 1400;
				LastUpgradeCheck = 1400;
				TargetAttributes = {
					09CF38AD29170B45004D2C02 = {
						CreatedOnToolsVersion = 14.0;
					};
				};
			};
			buildConfigurationList = 09CF38A929170B45004D2C02 /* Build configuration list for PBXProject "ViewCollection" */;
			compatibilityVersion = "Xcode 14.0";
			developmentRegion = en;
			hasScannedForEncodings = 0;
			knownRegions = (
				en,
				Base,
			);
			mainGroup = 09CF38A529170B45004D2C02;
			productRefGroup = 09CF38AF29170B45004D2C02 /* Products */;
			projectDirPath = "";
			projectRoot = "";
			targets = (
				09CF38AD29170B45004D2C02 /* ViewCollection */,
			);
		};
/* End PBXProject section */

/* Begin PBXResourcesBuildPhase section */
		09CF38AC29170B45004D2C02 /* Resources */ = {
			isa = PBXResourcesBuildPhase;
			buildActionMask = 2147483647;
			files = (
				09CF38BE29170B48004D2C02 /* LaunchScreen.storyboard in Resources */,
				09CF38BB29170B48004D2C02 /* Assets.xcassets in Resources */,
				09CF38B929170B45004D2C02 /* Main.storyboard in Resources */,
			);
			runOnlyForDeploymentPostprocessing = 0;
		};
/* End PBXResourcesBuildPhase section */

/* Begin PBXSourcesBuildPhase section */
		09CF38AA29170B45004D2C02 /* Sources */ = {
			isa = PBXSourcesBuildPhase;
			buildActionMask = 2147483647;
			files = (
				09CF38B629170B45004D2C02 /* ViewController.swift in Sources */,
				09CF38B229170B45004D2C02 /* AppDelegate.swift in Sources */,
				09CF38C829171230004D2C02 /* UICollectionView.swift in Sources */,
				09CF38B429170B45004D2C02 /* SceneDelegate.swift in Sources */,
				09CF38CB29172389004D2C02 /* Menu.swift in Sources */,
			);
			runOnlyForDeploymentPostprocessing = 0;
		};
/* End PBXSourcesBuildPhase section */

/* Begin PBXVariantGroup section */
		09CF38B729170B45004D2C02 /* Main.storyboard */ = {
			isa = PBXVariantGroup;
			children = (
				09CF38B829170B45004D2C02 /* Base */,
			);
			name = Main.storyboard;
			sourceTree = "<group>";
		};
		09CF38BC29170B48004D2C02 /* LaunchScreen.storyboard */ = {
			isa = PBXVariantGroup;
			children = (
				09CF38BD29170B48004D2C02 /* Base */,
			);
			name = LaunchScreen.storyboard;
			sourceTree = "<group>";
		};
/* End PBXVariantGroup section */

/* Begin XCBuildConfiguration section */
		09CF38C029170B48004D2C02 /* Debug */ = {
			isa = XCBuildConfiguration;
			buildSettings = {
				ALWAYS_SEARCH_USER_PATHS = NO;
				CLANG_ANALYZER_NONNULL = YES;
				CLANG_ANALYZER_NUMBER_OBJECT_CONVERSION = YES_AGGRESSIVE;
				CLANG_CXX_LANGUAGE_STANDARD = "gnu++20";
				CLANG_ENABLE_MODULES = YES;
				CLANG_ENABLE_OBJC_ARC = YES;
				CLANG_ENABLE_OBJC_WEAK = YES;
				CLANG_WARN_BLOCK_CAPTURE_AUTORELEASING = YES;
				CLANG_WARN_BOOL_CONVERSION = YES;
				CLANG_WARN_COMMA = YES;
				CLANG_WARN_CONSTANT_CONVERSION = YES;
				CLANG_WARN_DEPRECATED_OBJC_IMPLEMENTATIONS = YES;
				CLANG_WARN_DIRECT_OBJC_ISA_USAGE = YES_ERROR;
				CLANG_WARN_DOCUMENTATION_COMMENTS = YES;
				CLANG_WARN_EMPTY_BODY = YES;
				CLANG_WARN_ENUM_CONVERSION = YES;
				CLANG_WARN_INFINITE_RECURSION = YES;
				CLANG_WARN_INT_CONVERSION = YES;
				CLANG_WARN_NON_LITERAL_NULL_CONVERSION = YES;
				CLANG_WARN_OBJC_IMPLICIT_RETAIN_SELF = YES;
				CLANG_WARN_OBJC_LITERAL_CONVERSION = YES;
				CLANG_WARN_OBJC_ROOT_CLASS = YES_ERROR;
				CLANG_WARN_QUOTED_INCLUDE_IN_FRAMEWORK_HEADER = YES;
				CLANG_WARN_RANGE_LOOP_ANALYSIS = YES;
				CLANG_WARN_STRICT_PROTOTYPES = YES;
				CLANG_WARN_SUSPICIOUS_MOVE = YES;
				CLANG_WARN_UNGUARDED_AVAILABILITY = YES_AGGRESSIVE;
				CLANG_WARN_UNREACHABLE_CODE = YES;
				CLANG_WARN__DUPLICATE_METHOD_MATCH = YES;
				COPY_PHASE_STRIP = NO;
				DEBUG_INFORMATION_FORMAT = dwarf;
				ENABLE_STRICT_OBJC_MSGSEND = YES;
				ENABLE_TESTABILITY = YES;
				GCC_C_LANGUAGE_STANDARD = gnu11;
				GCC_DYNAMIC_NO_PIC = NO;
				GCC_NO_COMMON_BLOCKS = YES;
				GCC_OPTIMIZATION_LEVEL = 0;
				GCC_PREPROCESSOR_DEFINITIONS = (
					"DEBUG=1",
					"$(inherited)",
				);
				GCC_WARN_64_TO_32_BIT_CONVERSION = YES;
				GCC_WARN_ABOUT_RETURN_TYPE = YES_ERROR;
				GCC_WARN_UNDECLARED_SELECTOR = YES;
				GCC_WARN_UNINITIALIZED_AUTOS = YES_AGGRESSIVE;
				GCC_WARN_UNUSED_FUNCTION = YES;
				GCC_WARN_UNUSED_VARIABLE = YES;
				IPHONEOS_DEPLOYMENT_TARGET = 16.0;
				MTL_ENABLE_DEBUG_INFO = INCLUDE_SOURCE;
				MTL_FAST_MATH = YES;
				ONLY_ACTIVE_ARCH = YES;
				SDKROOT = iphoneos;
				SWIFT_ACTIVE_COMPILATION_CONDITIONS = DEBUG;
				SWIFT_OPTIMIZATION_LEVEL = "-Onone";
			};
			name = Debug;
		};
		09CF38C129170B48004D2C02 /* Release */ = {
			isa = XCBuildConfiguration;
			buildSettings = {
				ALWAYS_SEARCH_USER_PATHS = NO;
				CLANG_ANALYZER_NONNULL = YES;
				CLANG_ANALYZER_NUMBER_OBJECT_CONVERSION = YES_AGGRESSIVE;
				CLANG_CXX_LANGUAGE_STANDARD = "gnu++20";
				CLANG_ENABLE_MODULES = YES;
				CLANG_ENABLE_OBJC_ARC = YES;
				CLANG_ENABLE_OBJC_WEAK = YES;
				CLANG_WARN_BLOCK_CAPTURE_AUTORELEASING = YES;
				CLANG_WARN_BOOL_CONVERSION = YES;
				CLANG_WARN_COMMA = YES;
				CLANG_WARN_CONSTANT_CONVERSION = YES;
				CLANG_WARN_DEPRECATED_OBJC_IMPLEMENTATIONS = YES;
				CLANG_WARN_DIRECT_OBJC_ISA_USAGE = YES_ERROR;
				CLANG_WARN_DOCUMENTATION_COMMENTS = YES;
				CLANG_WARN_EMPTY_BODY = YES;
				CLANG_WARN_ENUM_CONVERSION = YES;
				CLANG_WARN_INFINITE_RECURSION = YES;
				CLANG_WARN_INT_CONVERSION = YES;
				CLANG_WARN_NON_LITERAL_NULL_CONVERSION = YES;
				CLANG_WARN_OBJC_IMPLICIT_RETAIN_SELF = YES;
				CLANG_WARN_OBJC_LITERAL_CONVERSION = YES;
				CLANG_WARN_OBJC_ROOT_CLASS = YES_ERROR;
				CLANG_WARN_QUOTED_INCLUDE_IN_FRAMEWORK_HEADER = YES;
				CLANG_WARN_RANGE_LOOP_ANALYSIS = YES;
				CLANG_WARN_STRICT_PROTOTYPES = YES;
				CLANG_WARN_SUSPICIOUS_MOVE = YES;
				CLANG_WARN_UNGUARDED_AVAILABILITY = YES_AGGRESSIVE;
				CLANG_WARN_UNREACHABLE_CODE = YES;
				CLANG_WARN__DUPLICATE_METHOD_MATCH = YES;
				COPY_PHASE_STRIP = NO;
				DEBUG_INFORMATION_FORMAT = "dwarf-with-dsym";
				ENABLE_NS_ASSERTIONS = NO;
				ENABLE_STRICT_OBJC_MSGSEND = YES;
				GCC_C_LANGUAGE_STANDARD = gnu11;
				GCC_NO_COMMON_BLOCKS = YES;
				GCC_WARN_64_TO_32_BIT_CONVERSION = YES;
				GCC_WARN_ABOUT_RETURN_TYPE = YES_ERROR;
				GCC_WARN_UNDECLARED_SELECTOR = YES;
				GCC_WARN_UNINITIALIZED_AUTOS = YES_AGGRESSIVE;
				GCC_WARN_UNUSED_FUNCTION = YES;
				GCC_WARN_UNUSED_VARIABLE = YES;
				IPHONEOS_DEPLOYMENT_TARGET = 16.0;
				MTL_ENABLE_DEBUG_INFO = NO;
				MTL_FAST_MATH = YES;
				SDKROOT = iphoneos;
				SWIFT_COMPILATION_MODE = wholemodule;
				SWIFT_OPTIMIZATION_LEVEL = "-O";
				VALIDATE_PRODUCT = YES;
			};
			name = Release;
		};
		09CF38C329170B48004D2C02 /* Debug */ = {
			isa = XCBuildConfiguration;
			buildSettings = {
				ASSETCATALOG_COMPILER_APPICON_NAME = AppIcon;
				ASSETCATALOG_COMPILER_GLOBAL_ACCENT_COLOR_NAME = AccentColor;
				CODE_SIGN_STYLE = Automatic;
				CURRENT_PROJECT_VERSION = 1;
				DEVELOPMENT_TEAM = F575BDA9FB;
				GENERATE_INFOPLIST_FILE = YES;
				INFOPLIST_FILE = ViewCollection/Info.plist;
				INFOPLIST_KEY_UIApplicationSupportsIndirectInputEvents = YES;
				INFOPLIST_KEY_UILaunchStoryboardName = LaunchScreen;
				INFOPLIST_KEY_UIMainStoryboardFile = Main;
				INFOPLIST_KEY_UISupportedInterfaceOrientations_iPad = "UIInterfaceOrientationPortrait UIInterfaceOrientationPortraitUpsideDown UIInterfaceOrientationLandscapeLeft UIInterfaceOrientationLandscapeRight";
				INFOPLIST_KEY_UISupportedInterfaceOrientations_iPhone = "UIInterfaceOrientationPortrait UIInterfaceOrientationLandscapeLeft UIInterfaceOrientationLandscapeRight";
				LD_RUNPATH_SEARCH_PATHS = (
					"$(inherited)",
					"@executable_path/Frameworks",
				);
				MARKETING_VERSION = 1.0;
				PRODUCT_BUNDLE_IDENTIFIER = ru.ILYAP.ViewCollection;
				PRODUCT_NAME = "$(TARGET_NAME)";
				SWIFT_EMIT_LOC_STRINGS = YES;
				SWIFT_VERSION = 5.0;
				TARGETED_DEVICE_FAMILY = "1,2";
			};
			name = Debug;
		};
		09CF38C429170B48004D2C02 /* Release */ = {
			isa = XCBuildConfiguration;
			buildSettings = {
				ASSETCATALOG_COMPILER_APPICON_NAME = AppIcon;
				ASSETCATALOG_COMPILER_GLOBAL_ACCENT_COLOR_NAME = AccentColor;
				CODE_SIGN_STYLE = Automatic;
				CURRENT_PROJECT_VERSION = 1;
				DEVELOPMENT_TEAM = F575BDA9FB;
				GENERATE_INFOPLIST_FILE = YES;
				INFOPLIST_FILE = ViewCollection/Info.plist;
				INFOPLIST_KEY_UIApplicationSupportsIndirectInputEvents = YES;
				INFOPLIST_KEY_UILaunchStoryboardName = LaunchScreen;
				INFOPLIST_KEY_UIMainStoryboardFile = Main;
				INFOPLIST_KEY_UISupportedInterfaceOrientations_iPad = "UIInterfaceOrientationPortrait UIInterfaceOrientationPortraitUpsideDown UIInterfaceOrientationLandscapeLeft UIInterfaceOrientationLandscapeRight";
				INFOPLIST_KEY_UISupportedInterfaceOrientations_iPhone = "UIInterfaceOrientationPortrait UIInterfaceOrientationLandscapeLeft UIInterfaceOrientationLandscapeRight";
				LD_RUNPATH_SEARCH_PATHS = (
					"$(inherited)",
					"@executable_path/Frameworks",
				);
				MARKETING_VERSION = 1.0;
				PRODUCT_BUNDLE_IDENTIFIER = ru.ILYAP.ViewCollection;
				PRODUCT_NAME = "$(TARGET_NAME)";
				SWIFT_EMIT_LOC_STRINGS = YES;
				SWIFT_VERSION = 5.0;
				TARGETED_DEVICE_FAMILY = "1,2";
			};
			name = Release;
		};
/* End XCBuildConfiguration section */

/* Begin XCConfigurationList section */
		09CF38A929170B45004D2C02 /* Build configuration list for PBXProject "ViewCollection" */ = {
			isa = XCConfigurationList;
			buildConfigurations = (
				09CF38C029170B48004D2C02 /* Debug */,
				09CF38C129170B48004D2C02 /* Release */,
			);
			defaultConfigurationIsVisible = 0;
			defaultConfigurationName = Release;
		};
		09CF38C229170B48004D2C02 /* Build configuration list for PBXNativeTarget "ViewCollection" */ = {
			isa = XCConfigurationList;
			buildConfigurations = (
				09CF38C329170B48004D2C02 /* Debug */,
				09CF38C429170B48004D2C02 /* Release */,
			);
			defaultConfigurationIsVisible = 0;
			defaultConfigurationName = Release;
		};
/* End XCConfigurationList section */
	};
	rootObject = 09CF38A629170B45004D2C02 /* Project object */;
}
